
Microsoft Visual Studio Solution File, Format Version 12.00
# Visual Studio 2015
Project("{FAE04EC0-301F-11D3-BF4B-00C04F79EFBC}") = "Dictator of Serenity_Damo_5-11-2016.CSharp", "Dictator of Serenity_Damo_5-11-2016.CSharp.csproj", "{24DCEE7F-040D-B642-D773-4DEE7BA462F8}"
EndProject
Project("{FAE04EC0-301F-11D3-BF4B-00C04F79EFBC}") = "Dictator of Serenity_Damo_5-11-2016.CSharp.Editor", "Dictator of Serenity_Damo_5-11-2016.CSharp.Editor.csproj", "{5B82FBFC-E2AE-B0EA-8B0E-1F4C4D256FD8}"
EndProject
Global
	GlobalSection(SolutionConfigurationPlatforms) = preSolution
		Debug|Any CPU = Debug|Any CPU
		Release|Any CPU = Release|Any CPU
	EndGlobalSection
	GlobalSection(ProjectConfigurationPlatforms) = postSolution
		{24DCEE7F-040D-B642-D773-4DEE7BA462F8}.Debug|Any CPU.ActiveCfg = Debug|Any CPU
		{24DCEE7F-040D-B642-D773-4DEE7BA462F8}.Debug|Any CPU.Build.0 = Debug|Any CPU
		{24DCEE7F-040D-B642-D773-4DEE7BA462F8}.Release|Any CPU.ActiveCfg = Release|Any CPU
		{24DCEE7F-040D-B642-D773-4DEE7BA462F8}.Release|Any CPU.Build.0 = Release|Any CPU
		{5B82FBFC-E2AE-B0EA-8B0E-1F4C4D256FD8}.Debug|Any CPU.ActiveCfg = Debug|Any CPU
		{5B82FBFC-E2AE-B0EA-8B0E-1F4C4D256FD8}.Debug|Any CPU.Build.0 = Debug|Any CPU
		{5B82FBFC-E2AE-B0EA-8B0E-1F4C4D256FD8}.Release|Any CPU.ActiveCfg = Release|Any CPU
		{5B82FBFC-E2AE-B0EA-8B0E-1F4C4D256FD8}.Release|Any CPU.Build.0 = Release|Any CPU
	EndGlobalSection
	GlobalSection(SolutionProperties) = preSolution
		HideSolutionNode = FALSE
	EndGlobalSection
EndGlobal
