
Microsoft Visual Studio Solution File, Format Version 12.00
# Visual Studio 2015
Project("{FAE04EC0-301F-11D3-BF4B-00C04F79EFBC}") = "Dictator of Serenity_Damien_2-11-16.CSharp", "Dictator of Serenity_Damien_2-11-16.CSharp.csproj", "{61DA3D87-445A-8BCB-9BA1-A13AEEA2A4B7}"
EndProject
Project("{FAE04EC0-301F-11D3-BF4B-00C04F79EFBC}") = "Dictator of Serenity_Damien_2-11-16.CSharp.Editor", "Dictator of Serenity_Damien_2-11-16.CSharp.Editor.csproj", "{AFA19945-5A90-B5DA-D201-9B05D2897AD6}"
EndProject
Global
	GlobalSection(SolutionConfigurationPlatforms) = preSolution
		Debug|Any CPU = Debug|Any CPU
		Release|Any CPU = Release|Any CPU
	EndGlobalSection
	GlobalSection(ProjectConfigurationPlatforms) = postSolution
		{61DA3D87-445A-8BCB-9BA1-A13AEEA2A4B7}.Debug|Any CPU.ActiveCfg = Debug|Any CPU
		{61DA3D87-445A-8BCB-9BA1-A13AEEA2A4B7}.Debug|Any CPU.Build.0 = Debug|Any CPU
		{61DA3D87-445A-8BCB-9BA1-A13AEEA2A4B7}.Release|Any CPU.ActiveCfg = Release|Any CPU
		{61DA3D87-445A-8BCB-9BA1-A13AEEA2A4B7}.Release|Any CPU.Build.0 = Release|Any CPU
		{AFA19945-5A90-B5DA-D201-9B05D2897AD6}.Debug|Any CPU.ActiveCfg = Debug|Any CPU
		{AFA19945-5A90-B5DA-D201-9B05D2897AD6}.Debug|Any CPU.Build.0 = Debug|Any CPU
		{AFA19945-5A90-B5DA-D201-9B05D2897AD6}.Release|Any CPU.ActiveCfg = Release|Any CPU
		{AFA19945-5A90-B5DA-D201-9B05D2897AD6}.Release|Any CPU.Build.0 = Release|Any CPU
	EndGlobalSection
	GlobalSection(SolutionProperties) = preSolution
		HideSolutionNode = FALSE
	EndGlobalSection
EndGlobal
