
Microsoft Visual Studio Solution File, Format Version 12.00
# Visual Studio 2015
Project("{FAE04EC0-301F-11D3-BF4B-00C04F79EFBC}") = "Dictator of Serenity_Damo.CSharp", "Dictator of Serenity_Damo.CSharp.csproj", "{427D2AFD-7A36-AAF1-C5B1-207023516294}"
EndProject
Project("{FAE04EC0-301F-11D3-BF4B-00C04F79EFBC}") = "Dictator of Serenity_Damo.CSharp.Editor", "Dictator of Serenity_Damo.CSharp.Editor.csproj", "{315BDB2C-7CBC-1F22-B50A-001728F6A0E7}"
EndProject
Global
	GlobalSection(SolutionConfigurationPlatforms) = preSolution
		Debug|Any CPU = Debug|Any CPU
		Release|Any CPU = Release|Any CPU
	EndGlobalSection
	GlobalSection(ProjectConfigurationPlatforms) = postSolution
		{427D2AFD-7A36-AAF1-C5B1-207023516294}.Debug|Any CPU.ActiveCfg = Debug|Any CPU
		{427D2AFD-7A36-AAF1-C5B1-207023516294}.Debug|Any CPU.Build.0 = Debug|Any CPU
		{427D2AFD-7A36-AAF1-C5B1-207023516294}.Release|Any CPU.ActiveCfg = Release|Any CPU
		{427D2AFD-7A36-AAF1-C5B1-207023516294}.Release|Any CPU.Build.0 = Release|Any CPU
		{315BDB2C-7CBC-1F22-B50A-001728F6A0E7}.Debug|Any CPU.ActiveCfg = Debug|Any CPU
		{315BDB2C-7CBC-1F22-B50A-001728F6A0E7}.Debug|Any CPU.Build.0 = Debug|Any CPU
		{315BDB2C-7CBC-1F22-B50A-001728F6A0E7}.Release|Any CPU.ActiveCfg = Release|Any CPU
		{315BDB2C-7CBC-1F22-B50A-001728F6A0E7}.Release|Any CPU.Build.0 = Release|Any CPU
	EndGlobalSection
	GlobalSection(SolutionProperties) = preSolution
		HideSolutionNode = FALSE
	EndGlobalSection
EndGlobal
